
Microsoft Visual Studio Solution File, Format Version 12.00
# Visual Studio Version 17
VisualStudioVersion = 17.14.36623.8 d17.14
MinimumVisualStudioVersion = 10.0.40219.1
Project("{FAE04EC0-301F-11D3-BF4B-00C04F79EFBC}") = "Food_Waste_management", "Food_Waste_management.csproj", "{135098B0-9604-4B1F-BF0B-316E1F33FFAF}"
EndProject
Global
	GlobalSection(SolutionConfigurationPlatforms) = preSolution
		Debug|Any CPU = Debug|Any CPU
		Release|Any CPU = Release|Any CPU
	EndGlobalSection
	GlobalSection(ProjectConfigurationPlatforms) = postSolution
		{135098B0-9604-4B1F-BF0B-316E1F33FFAF}.Debug|Any CPU.ActiveCfg = Debug|Any CPU
		{135098B0-9604-4B1F-BF0B-316E1F33FFAF}.Debug|Any CPU.Build.0 = Debug|Any CPU
		{135098B0-9604-4B1F-BF0B-316E1F33FFAF}.Release|Any CPU.ActiveCfg = Release|Any CPU
		{135098B0-9604-4B1F-BF0B-316E1F33FFAF}.Release|Any CPU.Build.0 = Release|Any CPU
	EndGlobalSection
	GlobalSection(SolutionProperties) = preSolution
		HideSolutionNode = FALSE
	EndGlobalSection
	GlobalSection(ExtensibilityGlobals) = postSolution
		SolutionGuid = {41089663-9C13-4D57-A06D-45E7BDDA12AC}
	EndGlobalSection
EndGlobal
